
Microsoft Visual Studio Solution File, Format Version 12.00
# Visual Studio Version 16
VisualStudioVersion = 16.0.32602.291
MinimumVisualStudioVersion = 10.0.40219.1
Project("{9A19103F-16F7-4668-BE54-9A1E7A4F7556}") = "DataAccess", "DateAccess\DataAccess.csproj", "{71166F1E-8B63-43D8-B916-F02F5952414C}"
EndProject
Project("{9A19103F-16F7-4668-BE54-9A1E7A4F7556}") = "Business", "Business\Business.csproj", "{24DD179A-F219-4F81-8FFC-AD15D761AE41}"
EndProject
Project("{9A19103F-16F7-4668-BE54-9A1E7A4F7556}") = "Entities", "Entities\Entities.csproj", "{67FC2892-D97F-4920-9852-51E87811A9EA}"
EndProject
Project("{9A19103F-16F7-4668-BE54-9A1E7A4F7556}") = "ConsoleeUI", "ConsoleeUI\ConsoleeUI.csproj", "{F1A79D65-DD8C-473F-97A5-ACEEA43292DC}"
EndProject
Project("{9A19103F-16F7-4668-BE54-9A1E7A4F7556}") = "Core", "Core\Core.csproj", "{EBE83BB5-767F-4748-B82D-DACB7D4F1CF0}"
EndProject
Project("{FAE04EC0-301F-11D3-BF4B-00C04F79EFBC}") = "WebAPI", "WebAPI\WebAPI.csproj", "{604C31B3-296D-46B7-BEC4-FE229A522F4B}"
EndProject
Global
	GlobalSection(SolutionConfigurationPlatforms) = preSolution
		Debug|Any CPU = Debug|Any CPU
		Release|Any CPU = Release|Any CPU
	EndGlobalSection
	GlobalSection(ProjectConfigurationPlatforms) = postSolution
		{71166F1E-8B63-43D8-B916-F02F5952414C}.Debug|Any CPU.ActiveCfg = Debug|Any CPU
		{71166F1E-8B63-43D8-B916-F02F5952414C}.Debug|Any CPU.Build.0 = Debug|Any CPU
		{71166F1E-8B63-43D8-B916-F02F5952414C}.Release|Any CPU.ActiveCfg = Release|Any CPU
		{71166F1E-8B63-43D8-B916-F02F5952414C}.Release|Any CPU.Build.0 = Release|Any CPU
		{24DD179A-F219-4F81-8FFC-AD15D761AE41}.Debug|Any CPU.ActiveCfg = Debug|Any CPU
		{24DD179A-F219-4F81-8FFC-AD15D761AE41}.Debug|Any CPU.Build.0 = Debug|Any CPU
		{24DD179A-F219-4F81-8FFC-AD15D761AE41}.Release|Any CPU.ActiveCfg = Release|Any CPU
		{24DD179A-F219-4F81-8FFC-AD15D761AE41}.Release|Any CPU.Build.0 = Release|Any CPU
		{67FC2892-D97F-4920-9852-51E87811A9EA}.Debug|Any CPU.ActiveCfg = Debug|Any CPU
		{67FC2892-D97F-4920-9852-51E87811A9EA}.Debug|Any CPU.Build.0 = Debug|Any CPU
		{67FC2892-D97F-4920-9852-51E87811A9EA}.Release|Any CPU.ActiveCfg = Release|Any CPU
		{67FC2892-D97F-4920-9852-51E87811A9EA}.Release|Any CPU.Build.0 = Release|Any CPU
		{F1A79D65-DD8C-473F-97A5-ACEEA43292DC}.Debug|Any CPU.ActiveCfg = Debug|Any CPU
		{F1A79D65-DD8C-473F-97A5-ACEEA43292DC}.Debug|Any CPU.Build.0 = Debug|Any CPU
		{F1A79D65-DD8C-473F-97A5-ACEEA43292DC}.Release|Any CPU.ActiveCfg = Release|Any CPU
		{F1A79D65-DD8C-473F-97A5-ACEEA43292DC}.Release|Any CPU.Build.0 = Release|Any CPU
		{EBE83BB5-767F-4748-B82D-DACB7D4F1CF0}.Debug|Any CPU.ActiveCfg = Debug|Any CPU
		{EBE83BB5-767F-4748-B82D-DACB7D4F1CF0}.Debug|Any CPU.Build.0 = Debug|Any CPU
		{EBE83BB5-767F-4748-B82D-DACB7D4F1CF0}.Release|Any CPU.ActiveCfg = Release|Any CPU
		{EBE83BB5-767F-4748-B82D-DACB7D4F1CF0}.Release|Any CPU.Build.0 = Release|Any CPU
		{604C31B3-296D-46B7-BEC4-FE229A522F4B}.Debug|Any CPU.ActiveCfg = Debug|Any CPU
		{604C31B3-296D-46B7-BEC4-FE229A522F4B}.Debug|Any CPU.Build.0 = Debug|Any CPU
		{604C31B3-296D-46B7-BEC4-FE229A522F4B}.Release|Any CPU.ActiveCfg = Release|Any CPU
		{604C31B3-296D-46B7-BEC4-FE229A522F4B}.Release|Any CPU.Build.0 = Release|Any CPU
	EndGlobalSection
	GlobalSection(SolutionProperties) = preSolution
		HideSolutionNode = FALSE
	EndGlobalSection
	GlobalSection(ExtensibilityGlobals) = postSolution
		SolutionGuid = {C1B40161-2AAF-43B8-ABBF-6910A844B972}
	EndGlobalSection
EndGlobal
